
Microsoft Visual Studio Solution File, Format Version 12.00
# Visual Studio Version 17
VisualStudioVersion = 17.13.35931.197
MinimumVisualStudioVersion = 10.0.40219.1
Project("{FAE04EC0-301F-11D3-BF4B-00C04F79EFBC}") = "AgtcSrvManagement.API", "AgtcSrvManagement.API\AgtcSrvManagement.API.csproj", "{66B02D65-BE6E-4DE6-B632-21FFEA05AD59}"
EndProject
Project("{FAE04EC0-301F-11D3-BF4B-00C04F79EFBC}") = "AgtcSrvManagement.Domain", "AgtcSrvManagement.Domain\AgtcSrvManagement.Domain.csproj", "{9AF1B626-CB75-4AB6-BC1C-29DA692B75EE}"
EndProject
Project("{FAE04EC0-301F-11D3-BF4B-00C04F79EFBC}") = "AgtcSrvManagement.Infrastructure", "AgtcSrvManagement.Infrastructure\AgtcSrvManagement.Infrastructure.csproj", "{9849ECB8-385D-4ED3-9D45-2C315468D270}"
EndProject
Project("{FAE04EC0-301F-11D3-BF4B-00C04F79EFBC}") = "AgtcSrvManagement.Application", "AgtcSrvManagement.Application\AgtcSrvManagement.Application.csproj", "{69BA6C72-8853-4BD7-A360-E5FD5D150442}"
EndProject
Project("{FAE04EC0-301F-11D3-BF4B-00C04F79EFBC}") = "AgtcSrvManagement.Test", "AgtcSrvManagement.Test\AgtcSrvManagement.Test.csproj", "{19B64586-960D-4249-A032-495448B8802D}"
EndProject
Global
	GlobalSection(SolutionConfigurationPlatforms) = preSolution
		Debug|Any CPU = Debug|Any CPU
		Release|Any CPU = Release|Any CPU
	EndGlobalSection
	GlobalSection(ProjectConfigurationPlatforms) = postSolution
		{66B02D65-BE6E-4DE6-B632-21FFEA05AD59}.Debug|Any CPU.ActiveCfg = Debug|Any CPU
		{66B02D65-BE6E-4DE6-B632-21FFEA05AD59}.Debug|Any CPU.Build.0 = Debug|Any CPU
		{66B02D65-BE6E-4DE6-B632-21FFEA05AD59}.Release|Any CPU.ActiveCfg = Release|Any CPU
		{66B02D65-BE6E-4DE6-B632-21FFEA05AD59}.Release|Any CPU.Build.0 = Release|Any CPU
		{9AF1B626-CB75-4AB6-BC1C-29DA692B75EE}.Debug|Any CPU.ActiveCfg = Debug|Any CPU
		{9AF1B626-CB75-4AB6-BC1C-29DA692B75EE}.Debug|Any CPU.Build.0 = Debug|Any CPU
		{9AF1B626-CB75-4AB6-BC1C-29DA692B75EE}.Release|Any CPU.ActiveCfg = Release|Any CPU
		{9AF1B626-CB75-4AB6-BC1C-29DA692B75EE}.Release|Any CPU.Build.0 = Release|Any CPU
		{9849ECB8-385D-4ED3-9D45-2C315468D270}.Debug|Any CPU.ActiveCfg = Debug|Any CPU
		{9849ECB8-385D-4ED3-9D45-2C315468D270}.Debug|Any CPU.Build.0 = Debug|Any CPU
		{9849ECB8-385D-4ED3-9D45-2C315468D270}.Release|Any CPU.ActiveCfg = Release|Any CPU
		{9849ECB8-385D-4ED3-9D45-2C315468D270}.Release|Any CPU.Build.0 = Release|Any CPU
		{69BA6C72-8853-4BD7-A360-E5FD5D150442}.Debug|Any CPU.ActiveCfg = Debug|Any CPU
		{69BA6C72-8853-4BD7-A360-E5FD5D150442}.Debug|Any CPU.Build.0 = Debug|Any CPU
		{69BA6C72-8853-4BD7-A360-E5FD5D150442}.Release|Any CPU.ActiveCfg = Release|Any CPU
		{69BA6C72-8853-4BD7-A360-E5FD5D150442}.Release|Any CPU.Build.0 = Release|Any CPU
		{19B64586-960D-4249-A032-495448B8802D}.Debug|Any CPU.ActiveCfg = Debug|Any CPU
		{19B64586-960D-4249-A032-495448B8802D}.Debug|Any CPU.Build.0 = Debug|Any CPU
		{19B64586-960D-4249-A032-495448B8802D}.Release|Any CPU.ActiveCfg = Release|Any CPU
		{19B64586-960D-4249-A032-495448B8802D}.Release|Any CPU.Build.0 = Release|Any CPU
	EndGlobalSection
	GlobalSection(SolutionProperties) = preSolution
		HideSolutionNode = FALSE
	EndGlobalSection
	GlobalSection(ExtensibilityGlobals) = postSolution
		SolutionGuid = {2BC351D7-E8DC-413E-A955-40B3EA51657E}
	EndGlobalSection
EndGlobal
